
Microsoft Visual Studio Solution File, Format Version 11.00
# Visual Studio 2010
Project("{FAE04EC0-301F-11D3-BF4B-00C04F79EFBC}") = "VIP", "VIP\VIP.csproj", "{39E48264-6836-4086-BF76-F48C9C115F3C}"
EndProject
Project("{2150E333-8FDC-42A3-9474-1A3956D46DE8}") = "VIP.Base", "VIP.Base", "{DE401B59-D156-4666-A5DC-6B25BDF70DED}"
EndProject
Project("{FAE04EC0-301F-11D3-BF4B-00C04F79EFBC}") = "VIP.Base.Interface", "VIP.Base\VIP.Base.Interface\VIP.Base.Interface.csproj", "{BFF98BC2-F06D-4B18-89CC-3CFA851BB2EA}"
EndProject
Project("{FAE04EC0-301F-11D3-BF4B-00C04F79EFBC}") = "VIP.Base.Business", "VIP.Base\VIP.Base.Business\VIP.Base.Business.csproj", "{05F6F042-6D82-4C66-BC07-1FF4AF530327}"
EndProject
Project("{FAE04EC0-301F-11D3-BF4B-00C04F79EFBC}") = "VIP.Base.Models", "VIP.Base\VIP.Base.Models\VIP.Base.Models.csproj", "{FD94DC18-D7C6-4069-8F47-246D68166584}"
EndProject
Project("{2150E333-8FDC-42A3-9474-1A3956D46DE8}") = "VIP.UML", "VIP.UML", "{83F82137-5FD6-4EA6-96F4-F062B68CCEE8}"
EndProject
Project("{F088123C-0E9E-452A-89E6-6BA2F21D5CAC}") = "VIP.UML", "VIP.UML\VIP.UML.modelproj", "{758E46F3-35C6-4CCF-8CE3-34D1BA08AC5C}"
EndProject
Project("{2150E333-8FDC-42A3-9474-1A3956D46DE8}") = "VIP.OA", "VIP.OA", "{004970C9-3EE1-469C-82CD-E8CB78F6BAB0}"
EndProject
Project("{2150E333-8FDC-42A3-9474-1A3956D46DE8}") = "VIP.CaiWU", "VIP.CaiWU", "{7D6B7F29-EB18-41AD-A9D8-5C84AB9D7F16}"
EndProject
Project("{2150E333-8FDC-42A3-9474-1A3956D46DE8}") = "VIP.Infrastructure", "VIP.Infrastructure", "{882E90BB-8153-4037-8193-A019B2556D08}"
EndProject
Project("{FAE04EC0-301F-11D3-BF4B-00C04F79EFBC}") = "VIP.Common", "VIP.Infrastructure\VIP.Common\VIP.Common.csproj", "{0FEBCC24-AFF2-4BCE-ADBD-5BAE24A8C804}"
EndProject
Global
	GlobalSection(SolutionConfigurationPlatforms) = preSolution
		Debug|Any CPU = Debug|Any CPU
		Release|Any CPU = Release|Any CPU
	EndGlobalSection
	GlobalSection(ProjectConfigurationPlatforms) = postSolution
		{39E48264-6836-4086-BF76-F48C9C115F3C}.Debug|Any CPU.ActiveCfg = Debug|Any CPU
		{39E48264-6836-4086-BF76-F48C9C115F3C}.Debug|Any CPU.Build.0 = Debug|Any CPU
		{39E48264-6836-4086-BF76-F48C9C115F3C}.Release|Any CPU.ActiveCfg = Release|Any CPU
		{39E48264-6836-4086-BF76-F48C9C115F3C}.Release|Any CPU.Build.0 = Release|Any CPU
		{BFF98BC2-F06D-4B18-89CC-3CFA851BB2EA}.Debug|Any CPU.ActiveCfg = Debug|Any CPU
		{BFF98BC2-F06D-4B18-89CC-3CFA851BB2EA}.Debug|Any CPU.Build.0 = Debug|Any CPU
		{BFF98BC2-F06D-4B18-89CC-3CFA851BB2EA}.Release|Any CPU.ActiveCfg = Release|Any CPU
		{BFF98BC2-F06D-4B18-89CC-3CFA851BB2EA}.Release|Any CPU.Build.0 = Release|Any CPU
		{05F6F042-6D82-4C66-BC07-1FF4AF530327}.Debug|Any CPU.ActiveCfg = Debug|Any CPU
		{05F6F042-6D82-4C66-BC07-1FF4AF530327}.Debug|Any CPU.Build.0 = Debug|Any CPU
		{05F6F042-6D82-4C66-BC07-1FF4AF530327}.Release|Any CPU.ActiveCfg = Release|Any CPU
		{05F6F042-6D82-4C66-BC07-1FF4AF530327}.Release|Any CPU.Build.0 = Release|Any CPU
		{FD94DC18-D7C6-4069-8F47-246D68166584}.Debug|Any CPU.ActiveCfg = Debug|Any CPU
		{FD94DC18-D7C6-4069-8F47-246D68166584}.Debug|Any CPU.Build.0 = Debug|Any CPU
		{FD94DC18-D7C6-4069-8F47-246D68166584}.Release|Any CPU.ActiveCfg = Release|Any CPU
		{FD94DC18-D7C6-4069-8F47-246D68166584}.Release|Any CPU.Build.0 = Release|Any CPU
		{758E46F3-35C6-4CCF-8CE3-34D1BA08AC5C}.Debug|Any CPU.ActiveCfg = Debug|Any CPU
		{758E46F3-35C6-4CCF-8CE3-34D1BA08AC5C}.Debug|Any CPU.Build.0 = Debug|Any CPU
		{758E46F3-35C6-4CCF-8CE3-34D1BA08AC5C}.Release|Any CPU.ActiveCfg = Release|Any CPU
		{758E46F3-35C6-4CCF-8CE3-34D1BA08AC5C}.Release|Any CPU.Build.0 = Release|Any CPU
		{0FEBCC24-AFF2-4BCE-ADBD-5BAE24A8C804}.Debug|Any CPU.ActiveCfg = Debug|Any CPU
		{0FEBCC24-AFF2-4BCE-ADBD-5BAE24A8C804}.Debug|Any CPU.Build.0 = Debug|Any CPU
		{0FEBCC24-AFF2-4BCE-ADBD-5BAE24A8C804}.Release|Any CPU.ActiveCfg = Release|Any CPU
		{0FEBCC24-AFF2-4BCE-ADBD-5BAE24A8C804}.Release|Any CPU.Build.0 = Release|Any CPU
	EndGlobalSection
	GlobalSection(SolutionProperties) = preSolution
		HideSolutionNode = FALSE
	EndGlobalSection
	GlobalSection(NestedProjects) = preSolution
		{BFF98BC2-F06D-4B18-89CC-3CFA851BB2EA} = {DE401B59-D156-4666-A5DC-6B25BDF70DED}
		{05F6F042-6D82-4C66-BC07-1FF4AF530327} = {DE401B59-D156-4666-A5DC-6B25BDF70DED}
		{FD94DC18-D7C6-4069-8F47-246D68166584} = {DE401B59-D156-4666-A5DC-6B25BDF70DED}
		{758E46F3-35C6-4CCF-8CE3-34D1BA08AC5C} = {83F82137-5FD6-4EA6-96F4-F062B68CCEE8}
		{0FEBCC24-AFF2-4BCE-ADBD-5BAE24A8C804} = {882E90BB-8153-4037-8193-A019B2556D08}
	EndGlobalSection
EndGlobal
